
Microsoft Visual Studio Solution File, Format Version 12.00
# Visual Studio Version 17
VisualStudioVersion = 17.2.32519.379
MinimumVisualStudioVersion = 10.0.40219.1
Project("{FAE04EC0-301F-11D3-BF4B-00C04F79EFBC}") = "DapperIntro", "DapperIntro.csproj", "{9423EB22-B715-4176-B2E5-BBC27EEF2105}"
EndProject
Global
	GlobalSection(SolutionConfigurationPlatforms) = preSolution
		Debug|Any CPU = Debug|Any CPU
		Release|Any CPU = Release|Any CPU
	EndGlobalSection
	GlobalSection(ProjectConfigurationPlatforms) = postSolution
		{9423EB22-B715-4176-B2E5-BBC27EEF2105}.Debug|Any CPU.ActiveCfg = Debug|Any CPU
		{9423EB22-B715-4176-B2E5-BBC27EEF2105}.Debug|Any CPU.Build.0 = Debug|Any CPU
		{9423EB22-B715-4176-B2E5-BBC27EEF2105}.Release|Any CPU.ActiveCfg = Release|Any CPU
		{9423EB22-B715-4176-B2E5-BBC27EEF2105}.Release|Any CPU.Build.0 = Release|Any CPU
	EndGlobalSection
	GlobalSection(SolutionProperties) = preSolution
		HideSolutionNode = FALSE
	EndGlobalSection
	GlobalSection(ExtensibilityGlobals) = postSolution
		SolutionGuid = {A7803124-C294-4F2B-87A4-9A375F18B2F1}
	EndGlobalSection
EndGlobal
